
Microsoft Visual Studio Solution File, Format Version 12.00
# Visual Studio Version 17
VisualStudioVersion = 17.7.34031.279
MinimumVisualStudioVersion = 10.0.40219.1
Project("{2150E333-8FDC-42A3-9474-1A3956D46DE8}") = "Src", "Src", "{760FF5BC-F040-4C77-B8B7-6E7E5BE48523}"
EndProject
Project("{2150E333-8FDC-42A3-9474-1A3956D46DE8}") = "Core", "Core", "{00E6F1D6-E8FC-441D-96E4-DB73127D2AB1}"
EndProject
Project("{9A19103F-16F7-4668-BE54-9A1E7A4F7556}") = "Common", "Common\Common.csproj", "{1F6A4EE0-DF24-4379-BBF4-396EA7389636}"
EndProject
Project("{9A19103F-16F7-4668-BE54-9A1E7A4F7556}") = "YamlHandler", "YamlHandler\YamlHandler.csproj", "{191C5587-9245-4191-B1C2-EA91BF8DA8DA}"
EndProject
Project("{FAE04EC0-301F-11D3-BF4B-00C04F79EFBC}") = "ExcelHandler", "ExcelHandler\ExcelHandler.csproj", "{7210A14D-7E6F-4F42-AA73-C15A3553CA6B}"
EndProject
Project("{2150E333-8FDC-42A3-9474-1A3956D46DE8}") = "external", "external", "{B90520DB-28FD-4305-A8A0-DE520B5E8FDA}"
EndProject
Project("{9A19103F-16F7-4668-BE54-9A1E7A4F7556}") = "TestStar", "TestStar\TestStar.csproj", "{EF03530F-2D77-496F-9511-F59EB6D61CC2}"
EndProject
Global
	GlobalSection(SolutionConfigurationPlatforms) = preSolution
		Debug|Any CPU = Debug|Any CPU
		Release|Any CPU = Release|Any CPU
	EndGlobalSection
	GlobalSection(ProjectConfigurationPlatforms) = postSolution
		{1F6A4EE0-DF24-4379-BBF4-396EA7389636}.Debug|Any CPU.ActiveCfg = Debug|Any CPU
		{1F6A4EE0-DF24-4379-BBF4-396EA7389636}.Debug|Any CPU.Build.0 = Debug|Any CPU
		{1F6A4EE0-DF24-4379-BBF4-396EA7389636}.Release|Any CPU.ActiveCfg = Release|Any CPU
		{1F6A4EE0-DF24-4379-BBF4-396EA7389636}.Release|Any CPU.Build.0 = Release|Any CPU
		{191C5587-9245-4191-B1C2-EA91BF8DA8DA}.Debug|Any CPU.ActiveCfg = Debug|Any CPU
		{191C5587-9245-4191-B1C2-EA91BF8DA8DA}.Debug|Any CPU.Build.0 = Debug|Any CPU
		{191C5587-9245-4191-B1C2-EA91BF8DA8DA}.Release|Any CPU.ActiveCfg = Release|Any CPU
		{191C5587-9245-4191-B1C2-EA91BF8DA8DA}.Release|Any CPU.Build.0 = Release|Any CPU
		{7210A14D-7E6F-4F42-AA73-C15A3553CA6B}.Debug|Any CPU.ActiveCfg = Debug|Any CPU
		{7210A14D-7E6F-4F42-AA73-C15A3553CA6B}.Debug|Any CPU.Build.0 = Debug|Any CPU
		{7210A14D-7E6F-4F42-AA73-C15A3553CA6B}.Release|Any CPU.ActiveCfg = Release|Any CPU
		{7210A14D-7E6F-4F42-AA73-C15A3553CA6B}.Release|Any CPU.Build.0 = Release|Any CPU
		{EF03530F-2D77-496F-9511-F59EB6D61CC2}.Debug|Any CPU.ActiveCfg = Debug|Any CPU
		{EF03530F-2D77-496F-9511-F59EB6D61CC2}.Debug|Any CPU.Build.0 = Debug|Any CPU
		{EF03530F-2D77-496F-9511-F59EB6D61CC2}.Release|Any CPU.ActiveCfg = Release|Any CPU
		{EF03530F-2D77-496F-9511-F59EB6D61CC2}.Release|Any CPU.Build.0 = Release|Any CPU
	EndGlobalSection
	GlobalSection(SolutionProperties) = preSolution
		HideSolutionNode = FALSE
	EndGlobalSection
	GlobalSection(NestedProjects) = preSolution
		{00E6F1D6-E8FC-441D-96E4-DB73127D2AB1} = {760FF5BC-F040-4C77-B8B7-6E7E5BE48523}
		{1F6A4EE0-DF24-4379-BBF4-396EA7389636} = {00E6F1D6-E8FC-441D-96E4-DB73127D2AB1}
		{191C5587-9245-4191-B1C2-EA91BF8DA8DA} = {00E6F1D6-E8FC-441D-96E4-DB73127D2AB1}
		{7210A14D-7E6F-4F42-AA73-C15A3553CA6B} = {00E6F1D6-E8FC-441D-96E4-DB73127D2AB1}
		{B90520DB-28FD-4305-A8A0-DE520B5E8FDA} = {760FF5BC-F040-4C77-B8B7-6E7E5BE48523}
		{EF03530F-2D77-496F-9511-F59EB6D61CC2} = {B90520DB-28FD-4305-A8A0-DE520B5E8FDA}
	EndGlobalSection
	GlobalSection(ExtensibilityGlobals) = postSolution
		SolutionGuid = {C31A4881-6779-4B07-9F6B-407A6D4103DB}
	EndGlobalSection
EndGlobal
